
Microsoft Visual Studio Solution File, Format Version 12.00
# Visual Studio 15
VisualStudioVersion = 15.0.28307.271
MinimumVisualStudioVersion = 10.0.40219.1
Project("{FAE04EC0-301F-11D3-BF4B-00C04F79EFBC}") = "RegistroUsuario", "RegistroUsuario\RegistroUsuario.csproj", "{2B850160-F97F-4BCF-A915-51405C583053}"
EndProject
Project("{FAE04EC0-301F-11D3-BF4B-00C04F79EFBC}") = "BLL", "BLL\BLL.csproj", "{A980C44E-FEB5-4DE5-8EB9-7380089949B0}"
EndProject
Project("{FAE04EC0-301F-11D3-BF4B-00C04F79EFBC}") = "DAL", "DAL\DAL.csproj", "{6C7064B5-5852-4891-96EB-6C8C9BEB3C66}"
EndProject
Project("{FAE04EC0-301F-11D3-BF4B-00C04F79EFBC}") = "Entities", "Entities\Entities.csproj", "{5FCF623E-F0E2-4EEB-B1D2-8077E8CBF530}"
EndProject
Global
	GlobalSection(SolutionConfigurationPlatforms) = preSolution
		Debug|Any CPU = Debug|Any CPU
		Release|Any CPU = Release|Any CPU
	EndGlobalSection
	GlobalSection(ProjectConfigurationPlatforms) = postSolution
		{2B850160-F97F-4BCF-A915-51405C583053}.Debug|Any CPU.ActiveCfg = Debug|Any CPU
		{2B850160-F97F-4BCF-A915-51405C583053}.Debug|Any CPU.Build.0 = Debug|Any CPU
		{2B850160-F97F-4BCF-A915-51405C583053}.Release|Any CPU.ActiveCfg = Release|Any CPU
		{2B850160-F97F-4BCF-A915-51405C583053}.Release|Any CPU.Build.0 = Release|Any CPU
		{A980C44E-FEB5-4DE5-8EB9-7380089949B0}.Debug|Any CPU.ActiveCfg = Debug|Any CPU
		{A980C44E-FEB5-4DE5-8EB9-7380089949B0}.Debug|Any CPU.Build.0 = Debug|Any CPU
		{A980C44E-FEB5-4DE5-8EB9-7380089949B0}.Release|Any CPU.ActiveCfg = Release|Any CPU
		{A980C44E-FEB5-4DE5-8EB9-7380089949B0}.Release|Any CPU.Build.0 = Release|Any CPU
		{6C7064B5-5852-4891-96EB-6C8C9BEB3C66}.Debug|Any CPU.ActiveCfg = Debug|Any CPU
		{6C7064B5-5852-4891-96EB-6C8C9BEB3C66}.Debug|Any CPU.Build.0 = Debug|Any CPU
		{6C7064B5-5852-4891-96EB-6C8C9BEB3C66}.Release|Any CPU.ActiveCfg = Release|Any CPU
		{6C7064B5-5852-4891-96EB-6C8C9BEB3C66}.Release|Any CPU.Build.0 = Release|Any CPU
		{5FCF623E-F0E2-4EEB-B1D2-8077E8CBF530}.Debug|Any CPU.ActiveCfg = Debug|Any CPU
		{5FCF623E-F0E2-4EEB-B1D2-8077E8CBF530}.Debug|Any CPU.Build.0 = Debug|Any CPU
		{5FCF623E-F0E2-4EEB-B1D2-8077E8CBF530}.Release|Any CPU.ActiveCfg = Release|Any CPU
		{5FCF623E-F0E2-4EEB-B1D2-8077E8CBF530}.Release|Any CPU.Build.0 = Release|Any CPU
	EndGlobalSection
	GlobalSection(SolutionProperties) = preSolution
		HideSolutionNode = FALSE
	EndGlobalSection
	GlobalSection(ExtensibilityGlobals) = postSolution
		SolutionGuid = {67F95A0C-78F5-45E3-88BF-028DACD8ECA6}
	EndGlobalSection
EndGlobal
